hash: d156899e94e2d0d92ed200d5729bec5d0d205b5b98bbf2bd89f7f91c9ed7a518
updated: 2018-05-28T13:28:11.313447+03:00
imports:
- name: github.com/CloudyKit/fastprinter
  version: 74b38d55f37af5d6c05ca11147d616b613a3420e
- name: github.com/CloudyKit/jet
  version: 2b064536b25ab0e9c54245f9e2cc5bd4766033fe
- name: github.com/dgrijalva/jwt-go
  version: 06ea1031745cb8b3dab3f6a236daf2b0aa468b7e
- name: github.com/go-sql-driver/mysql
  version: 64db0f7ebe171b596aa9b26f39a79f7413a3b617
- name: github.com/hhkbp2/go-logging
  version: 377ba05d98977baa2a0d9e13f13aac2f3a47ac4d
- name: github.com/hhkbp2/go-strftime
  version: d82166ec6782f870431668391c2e321069632fe7
- name: github.com/labstack/echo
  version: 6d227dfea4d2e52cb76856120b3c17f758139b4e
  subpackages:
  - middleware
- name: github.com/labstack/gommon
  version: 0a22a0df01a7c84944c607e8a6e91cfe421ea7ed
  subpackages:
  - bytes
  - color
  - log
  - random
- name: github.com/mattn/go-colorable
  version: efa589957cd060542a26d2dd7832fd6a6c6c3ade
- name: github.com/mattn/go-isatty
  version: 6ca4dbf54d38eea1a992b3c722a76a5d1c4cb25c
- name: github.com/mattn/go-sqlite3
  version: 323a32be5a2421b8c7087225079c6c900ec397cd
- name: github.com/moul/http2curl
  version: 9ac6cf4d929b2fa8fd2d2e6dec5bb0feb4f4911d
- name: github.com/parnurzeal/gorequest
  version: a578a48e8d6ca8b01a3b18314c43c6716bb5f5a3
- name: github.com/pkg/errors
  version: 816c9085562cd7ee03e7f8188a1cfd942858cded
- name: github.com/tidwall/gjson
  version: 01f00f129617a6fe98941fb920d6c760241b54d2
- name: github.com/tidwall/match
  version: 1731857f09b1f38450e2c12409748407822dc6be
- name: github.com/valyala/bytebufferpool
  version: e746df99fe4a3986f4d4f79e13c1e0117ce9c2f7
- name: github.com/valyala/fasttemplate
  version: dcecefd839c4193db0d35b88ec65b4c12d360ab0
- name: golang.org/x/crypto
  version: 1a580b3eff7814fc9b40602fd35256c63b50f491
  subpackages:
  - acme
  - acme/autocert
- name: golang.org/x/net
  version: dfa909b99c79129e1100513e5cd36307665e5723
  subpackages:
  - publicsuffix
- name: golang.org/x/sys
  version: 7c87d13f8e835d2fb3a70a2912c811ed0c1d241b
  subpackages:
  - unix
- name: google.golang.org/appengine
  version: b1f26356af11148e710935ed1ac8a7f5702c7612
  subpackages:
  - cloudsql
- name: gopkg.in/yaml.v2
  version: 5420a8b6744d3b0345ab293f6fcba19c978f1183
testImports:
- name: github.com/jtolds/gls
  version: 9a4a02dbe491bef4bab3c24fd9f3087d6c4c6690
- name: github.com/smartystreets/assertions
  version: 01fedaa993c0a9f9aa55111501cd7c81a49e812e
  subpackages:
  - internal/oglematchers
- name: github.com/smartystreets/goconvey
  version: d4c757aa9afd1e2fc1832aaab209b5794eb336e1
  subpackages:
  - convey
  - convey/gotest
  - convey/reporting
